
Microsoft Visual Studio Solution File, Format Version 12.00
# Visual Studio Version 17
VisualStudioVersion = 17.5.33516.290
MinimumVisualStudioVersion = 10.0.40219.1
Project("{8BC9CEB8-8B4A-11D0-8D11-00A0C91BC942}") = "Arkanoid", "Arkanoid\Arkanoid.vcxproj", "{3C06F198-AA7F-4819-BDEC-56BA0243374B}"
EndProject
Global
	GlobalSection(SolutionConfigurationPlatforms) = preSolution
		Debug|x64 = Debug|x64
		Debug|x86 = Debug|x86
		Release|x64 = Release|x64
		Release|x86 = Release|x86
	EndGlobalSection
	GlobalSection(ProjectConfigurationPlatforms) = postSolution
		{3C06F198-AA7F-4819-BDEC-56BA0243374B}.Debug|x64.ActiveCfg = Debug|x64
		{3C06F198-AA7F-4819-BDEC-56BA0243374B}.Debug|x64.Build.0 = Debug|x64
		{3C06F198-AA7F-4819-BDEC-56BA0243374B}.Debug|x86.ActiveCfg = Debug|Win32
		{3C06F198-AA7F-4819-BDEC-56BA0243374B}.Debug|x86.Build.0 = Debug|Win32
		{3C06F198-AA7F-4819-BDEC-56BA0243374B}.Release|x64.ActiveCfg = Release|x64
		{3C06F198-AA7F-4819-BDEC-56BA0243374B}.Release|x64.Build.0 = Release|x64
		{3C06F198-AA7F-4819-BDEC-56BA0243374B}.Release|x86.ActiveCfg = Release|Win32
		{3C06F198-AA7F-4819-BDEC-56BA0243374B}.Release|x86.Build.0 = Release|Win32
	EndGlobalSection
	GlobalSection(SolutionProperties) = preSolution
		HideSolutionNode = FALSE
	EndGlobalSection
	GlobalSection(ExtensibilityGlobals) = postSolution
		SolutionGuid = {850DF8F3-EE5D-4951-B2B2-68EE137C1935}
	EndGlobalSection
EndGlobal
